
Microsoft Visual Studio Solution File, Format Version 12.00
# Visual Studio Version 17
VisualStudioVersion = 17.9.34728.123
MinimumVisualStudioVersion = 10.0.40219.1
Project("{9A19103F-16F7-4668-BE54-9A1E7A4F7556}") = "PPKDotNetCore.ConsoleApp", "PPKDotNetCore.ConsoleApp\PPKDotNetCore.ConsoleApp.csproj", "{EA378F1D-9113-411C-A580-815AAD1633BD}"
EndProject
Project("{2150E333-8FDC-42A3-9474-1A3956D46DE8}") = "Documents", "Documents", "{A9041339-611F-4A36-BBB9-67A063627DD4}"
	ProjectSection(SolutionItems) = preProject
		README.md = README.md
	EndProjectSection
EndProject
Project("{9A19103F-16F7-4668-BE54-9A1E7A4F7556}") = "PPKDotNetCore.RestApi", "PPKDotNetCore.RestApi\PPKDotNetCore.RestApi.csproj", "{D396A6BF-A33E-4F51-B1C4-A436ABB633C6}"
EndProject
Project("{9A19103F-16F7-4668-BE54-9A1E7A4F7556}") = "PPKDotNetCore.BlazorWasmAppV4", "PPKDotNetCore.BlazorWasmAppV4\PPKDotNetCore.BlazorWasmAppV4.csproj", "{34BE9083-4127-4D62-AC50-0A711AA4B4F5}"
EndProject
Project("{9A19103F-16F7-4668-BE54-9A1E7A4F7556}") = "PPKDotNetCore.BlazorWasmAppV5", "PPKDotNetCore.BlazorWasmAppV5\PPKDotNetCore.BlazorWasmAppV5.csproj", "{24142887-9AC2-4D51-BF03-53F1441C0D49}"
EndProject
Project("{9A19103F-16F7-4668-BE54-9A1E7A4F7556}") = "PPKDotNetCore.Shared", "PPKDotNetCore.Shared\PPKDotNetCore.Shared.csproj", "{778A60D9-A781-4E54-9FB2-7650FD8425DD}"
EndProject
Project("{9A19103F-16F7-4668-BE54-9A1E7A4F7556}") = "PPKDotNetCore.RestApiWithNLayer", "PPKDotNetCore.RestApiWithNLayer\PPKDotNetCore.RestApiWithNLayer.csproj", "{131D9094-3569-4A0D-A86A-BF1BFF2DAB2C}"
EndProject
Project("{9A19103F-16F7-4668-BE54-9A1E7A4F7556}") = "PPKDotNetCore.ConsoleAppHttpClient", "PPKDotNetCore.ConsoleAppHttpClient\PPKDotNetCore.ConsoleAppHttpClient.csproj", "{D93205CD-2EDD-4160-A710-7885F5376EBA}"
EndProject
Project("{9A19103F-16F7-4668-BE54-9A1E7A4F7556}") = "PPKDotNetCore.ConsoleAppHttpClientExample", "PPKDotNetCore.ConsoleAppHttpClientExample\PPKDotNetCore.ConsoleAppHttpClientExample.csproj", "{6B16751C-270D-4F4A-ABD8-12D035E2B865}"
EndProject
Project("{9A19103F-16F7-4668-BE54-9A1E7A4F7556}") = "PPKDotNetCore.WinFormsApp", "PPKDotNetCore.WinFormsApp\PPKDotNetCore.WinFormsApp.csproj", "{DC32CEEE-7B2B-4B0B-89AF-BF2F126F2772}"
EndProject
Project("{9A19103F-16F7-4668-BE54-9A1E7A4F7556}") = "PPKDotNetCore.ConsoleAppRestClientExample", "PPKDotNetCore.ConsoleAppRestClientExample\PPKDotNetCore.ConsoleAppRestClientExample.csproj", "{94A5A73F-1B83-4204-B00A-37A09DF65B6B}"
EndProject
Project("{9A19103F-16F7-4668-BE54-9A1E7A4F7556}") = "PPKDotNetCore.ConsoleAppRefitExample", "PPKDotNetCore.ConsoleAppRefitExample\PPKDotNetCore.ConsoleAppRefitExample.csproj", "{3B018CCD-FEBE-4A88-AFF2-7DD0EB65D586}"
EndProject
Project("{9A19103F-16F7-4668-BE54-9A1E7A4F7556}") = "PPKDotNetCore.PizzaApi", "PPKDotNetCore.PizzaApi\PPKDotNetCore.PizzaApi.csproj", "{C4720A68-D4FE-4454-8F06-DC822F9407D3}"
EndProject
Project("{FAE04EC0-301F-11D3-BF4B-00C04F79EFBC}") = "PPKDotNetCore.WinFormAppSqlInjection", "PPKDotNetCore.WinFormAppSqlInjection\PPKDotNetCore.WinFormAppSqlInjection.csproj", "{05F1CB77-34D8-4690-920D-9CD33F221312}"
EndProject
Global
	GlobalSection(SolutionConfigurationPlatforms) = preSolution
		Debug|Any CPU = Debug|Any CPU
		Release|Any CPU = Release|Any CPU
	EndGlobalSection
	GlobalSection(ProjectConfigurationPlatforms) = postSolution
		{EA378F1D-9113-411C-A580-815AAD1633BD}.Debug|Any CPU.ActiveCfg = Debug|Any CPU
		{EA378F1D-9113-411C-A580-815AAD1633BD}.Debug|Any CPU.Build.0 = Debug|Any CPU
		{EA378F1D-9113-411C-A580-815AAD1633BD}.Release|Any CPU.ActiveCfg = Release|Any CPU
		{EA378F1D-9113-411C-A580-815AAD1633BD}.Release|Any CPU.Build.0 = Release|Any CPU
		{D396A6BF-A33E-4F51-B1C4-A436ABB633C6}.Debug|Any CPU.ActiveCfg = Debug|Any CPU
		{D396A6BF-A33E-4F51-B1C4-A436ABB633C6}.Debug|Any CPU.Build.0 = Debug|Any CPU
		{D396A6BF-A33E-4F51-B1C4-A436ABB633C6}.Release|Any CPU.ActiveCfg = Release|Any CPU
		{D396A6BF-A33E-4F51-B1C4-A436ABB633C6}.Release|Any CPU.Build.0 = Release|Any CPU
		{34BE9083-4127-4D62-AC50-0A711AA4B4F5}.Debug|Any CPU.ActiveCfg = Debug|Any CPU
		{34BE9083-4127-4D62-AC50-0A711AA4B4F5}.Debug|Any CPU.Build.0 = Debug|Any CPU
		{34BE9083-4127-4D62-AC50-0A711AA4B4F5}.Release|Any CPU.ActiveCfg = Release|Any CPU
		{34BE9083-4127-4D62-AC50-0A711AA4B4F5}.Release|Any CPU.Build.0 = Release|Any CPU
		{24142887-9AC2-4D51-BF03-53F1441C0D49}.Debug|Any CPU.ActiveCfg = Debug|Any CPU
		{24142887-9AC2-4D51-BF03-53F1441C0D49}.Debug|Any CPU.Build.0 = Debug|Any CPU
		{24142887-9AC2-4D51-BF03-53F1441C0D49}.Release|Any CPU.ActiveCfg = Release|Any CPU
		{24142887-9AC2-4D51-BF03-53F1441C0D49}.Release|Any CPU.Build.0 = Release|Any CPU
		{778A60D9-A781-4E54-9FB2-7650FD8425DD}.Debug|Any CPU.ActiveCfg = Debug|Any CPU
		{778A60D9-A781-4E54-9FB2-7650FD8425DD}.Debug|Any CPU.Build.0 = Debug|Any CPU
		{778A60D9-A781-4E54-9FB2-7650FD8425DD}.Release|Any CPU.ActiveCfg = Release|Any CPU
		{778A60D9-A781-4E54-9FB2-7650FD8425DD}.Release|Any CPU.Build.0 = Release|Any CPU
		{131D9094-3569-4A0D-A86A-BF1BFF2DAB2C}.Debug|Any CPU.ActiveCfg = Debug|Any CPU
		{131D9094-3569-4A0D-A86A-BF1BFF2DAB2C}.Debug|Any CPU.Build.0 = Debug|Any CPU
		{131D9094-3569-4A0D-A86A-BF1BFF2DAB2C}.Release|Any CPU.ActiveCfg = Release|Any CPU
		{131D9094-3569-4A0D-A86A-BF1BFF2DAB2C}.Release|Any CPU.Build.0 = Release|Any CPU
		{D93205CD-2EDD-4160-A710-7885F5376EBA}.Debug|Any CPU.ActiveCfg = Debug|Any CPU
		{D93205CD-2EDD-4160-A710-7885F5376EBA}.Debug|Any CPU.Build.0 = Debug|Any CPU
		{D93205CD-2EDD-4160-A710-7885F5376EBA}.Release|Any CPU.ActiveCfg = Release|Any CPU
		{D93205CD-2EDD-4160-A710-7885F5376EBA}.Release|Any CPU.Build.0 = Release|Any CPU
		{6B16751C-270D-4F4A-ABD8-12D035E2B865}.Debug|Any CPU.ActiveCfg = Debug|Any CPU
		{6B16751C-270D-4F4A-ABD8-12D035E2B865}.Debug|Any CPU.Build.0 = Debug|Any CPU
		{6B16751C-270D-4F4A-ABD8-12D035E2B865}.Release|Any CPU.ActiveCfg = Release|Any CPU
		{6B16751C-270D-4F4A-ABD8-12D035E2B865}.Release|Any CPU.Build.0 = Release|Any CPU
		{DC32CEEE-7B2B-4B0B-89AF-BF2F126F2772}.Debug|Any CPU.ActiveCfg = Debug|Any CPU
		{DC32CEEE-7B2B-4B0B-89AF-BF2F126F2772}.Debug|Any CPU.Build.0 = Debug|Any CPU
		{DC32CEEE-7B2B-4B0B-89AF-BF2F126F2772}.Release|Any CPU.ActiveCfg = Release|Any CPU
		{DC32CEEE-7B2B-4B0B-89AF-BF2F126F2772}.Release|Any CPU.Build.0 = Release|Any CPU
		{94A5A73F-1B83-4204-B00A-37A09DF65B6B}.Debug|Any CPU.ActiveCfg = Debug|Any CPU
		{94A5A73F-1B83-4204-B00A-37A09DF65B6B}.Debug|Any CPU.Build.0 = Debug|Any CPU
		{94A5A73F-1B83-4204-B00A-37A09DF65B6B}.Release|Any CPU.ActiveCfg = Release|Any CPU
		{94A5A73F-1B83-4204-B00A-37A09DF65B6B}.Release|Any CPU.Build.0 = Release|Any CPU
		{3B018CCD-FEBE-4A88-AFF2-7DD0EB65D586}.Debug|Any CPU.ActiveCfg = Debug|Any CPU
		{3B018CCD-FEBE-4A88-AFF2-7DD0EB65D586}.Debug|Any CPU.Build.0 = Debug|Any CPU
		{3B018CCD-FEBE-4A88-AFF2-7DD0EB65D586}.Release|Any CPU.ActiveCfg = Release|Any CPU
		{3B018CCD-FEBE-4A88-AFF2-7DD0EB65D586}.Release|Any CPU.Build.0 = Release|Any CPU
		{C4720A68-D4FE-4454-8F06-DC822F9407D3}.Debug|Any CPU.ActiveCfg = Debug|Any CPU
		{C4720A68-D4FE-4454-8F06-DC822F9407D3}.Debug|Any CPU.Build.0 = Debug|Any CPU
		{C4720A68-D4FE-4454-8F06-DC822F9407D3}.Release|Any CPU.ActiveCfg = Release|Any CPU
		{C4720A68-D4FE-4454-8F06-DC822F9407D3}.Release|Any CPU.Build.0 = Release|Any CPU
		{05F1CB77-34D8-4690-920D-9CD33F221312}.Debug|Any CPU.ActiveCfg = Debug|Any CPU
		{05F1CB77-34D8-4690-920D-9CD33F221312}.Debug|Any CPU.Build.0 = Debug|Any CPU
		{05F1CB77-34D8-4690-920D-9CD33F221312}.Release|Any CPU.ActiveCfg = Release|Any CPU
		{05F1CB77-34D8-4690-920D-9CD33F221312}.Release|Any CPU.Build.0 = Release|Any CPU
	EndGlobalSection
	GlobalSection(SolutionProperties) = preSolution
		HideSolutionNode = FALSE
	EndGlobalSection
	GlobalSection(ExtensibilityGlobals) = postSolution
		SolutionGuid = {C2E57D11-AF2F-41FE-AF18-8FB98CE60C7F}
	EndGlobalSection
EndGlobal
